
Microsoft Visual Studio Solution File, Format Version 12.00
# Visual Studio Version 17
VisualStudioVersion = 17.13.36105.23 d17.13
MinimumVisualStudioVersion = 10.0.40219.1
Project("{FAE04EC0-301F-11D3-BF4B-00C04F79EFBC}") = "alloy-example", "alloy-example.csproj", "{4F03D9DF-1F88-5770-26B9-6BEB27780301}"
EndProject
Global
	GlobalSection(SolutionConfigurationPlatforms) = preSolution
		Debug|Any CPU = Debug|Any CPU
		Release|Any CPU = Release|Any CPU
	EndGlobalSection
	GlobalSection(ProjectConfigurationPlatforms) = postSolution
		{4F03D9DF-1F88-5770-26B9-6BEB27780301}.Debug|Any CPU.ActiveCfg = Debug|Any CPU
		{4F03D9DF-1F88-5770-26B9-6BEB27780301}.Debug|Any CPU.Build.0 = Debug|Any CPU
		{4F03D9DF-1F88-5770-26B9-6BEB27780301}.Release|Any CPU.ActiveCfg = Release|Any CPU
		{4F03D9DF-1F88-5770-26B9-6BEB27780301}.Release|Any CPU.Build.0 = Release|Any CPU
	EndGlobalSection
	GlobalSection(SolutionProperties) = preSolution
		HideSolutionNode = FALSE
	EndGlobalSection
	GlobalSection(ExtensibilityGlobals) = postSolution
		SolutionGuid = {EB92B24D-C312-497C-8851-D6DD443A20EC}
	EndGlobalSection
EndGlobal
